<?xml version="1.0" encoding="utf-8"?>
<Project ToolsVersion="4.0" xmlns="http://schemas.microsoft.com/developer/msbuild/2003">
  <ItemGroup>
    <Filter Include="Source Files">
      <UniqueIdentifier>{4FC737F1-C7A5-4376-A066-2A32D752A2FF}</UniqueIdentifier>
      <Extensions>cpp;c;cc;cxx;c++;cppm;ixx;def;odl;idl;hpj;bat;asm;asmx</Extensions>
    </Filter>
    <Filter Include="Header Files">
      <UniqueIdentifier>{93995380-89BD-4b04-88EB-625FBE52EBFB}</UniqueIdentifier>
      <Extensions>h;hh;hpp;hxx;h++;hm;inl;inc;ipp;xsd</Extensions>
    </Filter>
    <Filter Include="Resource Files">
      <UniqueIdentifier>{67DA6AB6-F800-4c08-8B7A-83BB121AAD01}</UniqueIdentifier>
      <Extensions>rc;ico;cur;bmp;dlg;rc2;rct;bin;rgs;gif;jpg;jpeg;jpe;resx;tiff;tif;png;wav;mfcribbon-ms</Extensions>
    </Filter>
  </ItemGroup>
  <ItemGroup>
    <ClCompile Include="test_allocator.cpp">
      <Filter>Source Files</Filter>
    </ClCompile>
    <ClCompile Include="main.cpp">
      <Filter>Source Files</Filter>
    </ClCompile>
    <ClCompile Include="test_assert.cpp">
      <Filter>Source Files</Filter>
    </ClCompile>
    <ClCompile Include="test_asan.cpp">
      <Filter>Source Files</Filter>
    </ClCompile>
    <ClCompile Include="test_czstring.cpp">
      <Filter>Source Files</Filter>
    </ClCompile>
    <ClCompile Include="test_hello_world.cpp">
      <Filter>Source Files</Filter>
    </ClCompile>
    <ClCompile Include="test_algorithms.cpp">
      <Filter>Source Files</Filter>
    </ClCompile>
    <ClCompile Include="test_avltree.cpp">
      <Filter>Source Files</Filter>
    </ClCompile>
    <ClCompile Include="test_binaryindextree.cpp">
      <Filter>Source Files</Filter>
    </ClCompile>
    <ClCompile Include="test_bintree.cpp">
      <Filter>Source Files</Filter>
    </ClCompile>
    <ClCompile Include="test_bintree_rotate.cpp">
      <Filter>Source Files</Filter>
    </ClCompile>
    <ClCompile Include="test_bitmap.cpp">
      <Filter>Source Files</Filter>
    </ClCompile>
    <ClCompile Include="test_bst.cpp">
      <Filter>Source Files</Filter>
    </ClCompile>
    <ClCompile Include="test_bplustree.cpp">
      <Filter>Source Files</Filter>
    </ClCompile>
    <ClCompile Include="test_btree.cpp">
      <Filter>Source Files</Filter>
    </ClCompile>
    <ClCompile Include="test_container_perf.cpp">
      <Filter>Source Files</Filter>
    </ClCompile>
    <ClCompile Include="test_deque.cpp">
      <Filter>Source Files</Filter>
    </ClCompile>
    <ClCompile Include="test_expression.cpp">
      <Filter>Source Files</Filter>
    </ClCompile>
    <ClCompile Include="test_flathashset.cpp">
      <Filter>Source Files</Filter>
    </ClCompile>
    <ClCompile Include="test_graph.cpp">
      <Filter>Source Files</Filter>
    </ClCompile>
    <ClCompile Include="test_hash.cpp">
      <Filter>Source Files</Filter>
    </ClCompile>
    <ClCompile Include="test_hashmap.cpp">
      <Filter>Source Files</Filter>
    </ClCompile>
    <ClCompile Include="test_hashset.cpp">
      <Filter>Source Files</Filter>
    </ClCompile>
    <ClCompile Include="test_heap.cpp">
      <Filter>Source Files</Filter>
    </ClCompile>
    <ClCompile Include="test_is_prime.cpp">
      <Filter>Source Files</Filter>
    </ClCompile>
    <ClCompile Include="test_kvpair.cpp">
      <Filter>Source Files</Filter>
    </ClCompile>
    <ClCompile Include="test_leftheap.cpp">
      <Filter>Source Files</Filter>
    </ClCompile>
    <ClCompile Include="test_list.cpp">
      <Filter>Source Files</Filter>
    </ClCompile>
    <ClCompile Include="test_match.cpp">
      <Filter>Source Files</Filter>
    </ClCompile>
    <ClCompile Include="test_median.cpp">
      <Filter>Source Files</Filter>
    </ClCompile>
    <ClCompile Include="test_permutation.cpp">
      <Filter>Source Files</Filter>
    </ClCompile>
    <ClCompile Include="test_pow.cpp">
      <Filter>Source Files</Filter>
    </ClCompile>
    <ClCompile Include="test_primetable.cpp">
      <Filter>Source Files</Filter>
    </ClCompile>
    <ClCompile Include="test_queue.cpp">
      <Filter>Source Files</Filter>
    </ClCompile>
    <ClCompile Include="test_redblacktree.cpp">
      <Filter>Source Files</Filter>
    </ClCompile>
    <ClCompile Include="test_remove.cpp">
      <Filter>Source Files</Filter>
    </ClCompile>
    <ClCompile Include="test_reverse.cpp">
      <Filter>Source Files</Filter>
    </ClCompile>
    <ClCompile Include="test_segment_tree.cpp">
      <Filter>Source Files</Filter>
    </ClCompile>
    <ClCompile Include="test_shuffle.cpp">
      <Filter>Source Files</Filter>
    </ClCompile>
    <ClCompile Include="test_smart_pointer.cpp">
      <Filter>Source Files</Filter>
    </ClCompile>
    <ClCompile Include="test_sort.cpp">
      <Filter>Source Files</Filter>
    </ClCompile>
    <ClCompile Include="test_splaytree.cpp">
      <Filter>Source Files</Filter>
    </ClCompile>
    <ClCompile Include="test_stack.cpp">
      <Filter>Source Files</Filter>
    </ClCompile>
    <ClCompile Include="test_tree.cpp">
      <Filter>Source Files</Filter>
    </ClCompile>
    <ClCompile Include="test_treemap.cpp">
      <Filter>Source Files</Filter>
    </ClCompile>
    <ClCompile Include="test_treeset.cpp">
      <Filter>Source Files</Filter>
    </ClCompile>
    <ClCompile Include="test_unionfindset.cpp">
      <Filter>Source Files</Filter>
    </ClCompile>
    <ClCompile Include="test_vector.cpp">
      <Filter>Source Files</Filter>
    </ClCompile>
    <ClCompile Include="test_lua.cpp">
      <Filter>Source Files</Filter>
    </ClCompile>
    <ClCompile Include="test_allocator2.cpp">
      <Filter>Source Files</Filter>
    </ClCompile>
  </ItemGroup>
  <ItemGroup>
    <ClInclude Include="test_allocator.h">
      <Filter>Header Files</Filter>
    </ClInclude>
    <ClInclude Include="test_assert.h">
      <Filter>Header Files</Filter>
    </ClInclude>
    <ClInclude Include="test_asan.h">
      <Filter>Header Files</Filter>
    </ClInclude>
    <ClInclude Include="test_vector.h">
      <Filter>Header Files</Filter>
    </ClInclude>
    <ClInclude Include="test_czstring.h">
      <Filter>Header Files</Filter>
    </ClInclude>
    <ClInclude Include="test_hello_world.h">
      <Filter>Header Files</Filter>
    </ClInclude>
    <ClInclude Include="test_algorithms.h">
      <Filter>Header Files</Filter>
    </ClInclude>
    <ClInclude Include="test_avltree.h">
      <Filter>Header Files</Filter>
    </ClInclude>
    <ClInclude Include="test_binaryindextree.h">
      <Filter>Header Files</Filter>
    </ClInclude>
    <ClInclude Include="test_bintree.h">
      <Filter>Header Files</Filter>
    </ClInclude>
    <ClInclude Include="test_bintree_rotate.h">
      <Filter>Header Files</Filter>
    </ClInclude>
    <ClInclude Include="test_bitmap.h">
      <Filter>Header Files</Filter>
    </ClInclude>
    <ClInclude Include="test_bplustree.h">
      <Filter>Header Files</Filter>
    </ClInclude>
    <ClInclude Include="test_bst.h">
      <Filter>Header Files</Filter>
    </ClInclude>
    <ClInclude Include="test_btree.h">
      <Filter>Header Files</Filter>
    </ClInclude>
    <ClInclude Include="test_container_perf.h">
      <Filter>Header Files</Filter>
    </ClInclude>
    <ClInclude Include="test_deque.h">
      <Filter>Header Files</Filter>
    </ClInclude>
    <ClInclude Include="test_expression.h">
      <Filter>Header Files</Filter>
    </ClInclude>
    <ClInclude Include="test_flathashset.h">
      <Filter>Header Files</Filter>
    </ClInclude>
    <ClInclude Include="test_graph.h">
      <Filter>Header Files</Filter>
    </ClInclude>
    <ClInclude Include="test_hash.h">
      <Filter>Header Files</Filter>
    </ClInclude>
    <ClInclude Include="test_hashmap.h">
      <Filter>Header Files</Filter>
    </ClInclude>
    <ClInclude Include="test_hashset.h">
      <Filter>Header Files</Filter>
    </ClInclude>
    <ClInclude Include="test_heap.h">
      <Filter>Header Files</Filter>
    </ClInclude>
    <ClInclude Include="test_is_prime.h">
      <Filter>Header Files</Filter>
    </ClInclude>
    <ClInclude Include="test_kvpair.h">
      <Filter>Header Files</Filter>
    </ClInclude>
    <ClInclude Include="test_leftheap.h">
      <Filter>Header Files</Filter>
    </ClInclude>
    <ClInclude Include="test_list.h">
      <Filter>Header Files</Filter>
    </ClInclude>
    <ClInclude Include="test_match.h">
      <Filter>Header Files</Filter>
    </ClInclude>
    <ClInclude Include="test_median.h">
      <Filter>Header Files</Filter>
    </ClInclude>
    <ClInclude Include="test_permutation.h">
      <Filter>Header Files</Filter>
    </ClInclude>
    <ClInclude Include="test_pow.h">
      <Filter>Header Files</Filter>
    </ClInclude>
    <ClInclude Include="test_primetable.h">
      <Filter>Header Files</Filter>
    </ClInclude>
    <ClInclude Include="test_queue.h">
      <Filter>Header Files</Filter>
    </ClInclude>
    <ClInclude Include="test_redblacktree.h">
      <Filter>Header Files</Filter>
    </ClInclude>
    <ClInclude Include="test_remove.h">
      <Filter>Header Files</Filter>
    </ClInclude>
    <ClInclude Include="test_reverse.h">
      <Filter>Header Files</Filter>
    </ClInclude>
    <ClInclude Include="test_segment_tree.h">
      <Filter>Header Files</Filter>
    </ClInclude>
    <ClInclude Include="test_shuffle.h">
      <Filter>Header Files</Filter>
    </ClInclude>
    <ClInclude Include="test_smart_pointer.h">
      <Filter>Header Files</Filter>
    </ClInclude>
    <ClInclude Include="test_sort.h">
      <Filter>Header Files</Filter>
    </ClInclude>
    <ClInclude Include="test_splaytree.h">
      <Filter>Header Files</Filter>
    </ClInclude>
    <ClInclude Include="test_stack.h">
      <Filter>Header Files</Filter>
    </ClInclude>
    <ClInclude Include="test_tree.h">
      <Filter>Header Files</Filter>
    </ClInclude>
    <ClInclude Include="test_treemap.h">
      <Filter>Header Files</Filter>
    </ClInclude>
    <ClInclude Include="test_treeset.h">
      <Filter>Header Files</Filter>
    </ClInclude>
    <ClInclude Include="test_unionfindset.h">
      <Filter>Header Files</Filter>
    </ClInclude>
    <ClInclude Include="test_lua.h">
      <Filter>Header Files</Filter>
    </ClInclude>
    <ClInclude Include="test_allocator2.h">
      <Filter>Header Files</Filter>
    </ClInclude>
  </ItemGroup>
</Project>