<?xml version="1.0" encoding="utf-8"?>
<Project ToolsVersion="4.0" xmlns="http://schemas.microsoft.com/developer/msbuild/2003">
  <ItemGroup>
    <Filter Include="Source Files">
      <UniqueIdentifier>{4FC737F1-C7A5-4376-A066-2A32D752A2FF}</UniqueIdentifier>
      <Extensions>cpp;c;cc;cxx;c++;cppm;ixx;def;odl;idl;hpj;bat;asm;asmx</Extensions>
    </Filter>
    <Filter Include="Header Files">
      <UniqueIdentifier>{93995380-89BD-4b04-88EB-625FBE52EBFB}</UniqueIdentifier>
      <Extensions>h;hh;hpp;hxx;h++;hm;inl;inc;ipp;xsd</Extensions>
    </Filter>
    <Filter Include="Resource Files">
      <UniqueIdentifier>{67DA6AB6-F800-4c08-8B7A-83BB121AAD01}</UniqueIdentifier>
      <Extensions>rc;ico;cur;bmp;dlg;rc2;rct;bin;rgs;gif;jpg;jpeg;jpe;resx;tiff;tif;png;wav;mfcribbon-ms</Extensions>
    </Filter>
  </ItemGroup>
  <ItemGroup>
    <ClInclude Include="Base\AbstractBaseContainer.h">
      <Filter>Header Files</Filter>
    </ClInclude>
    <ClInclude Include="Base\AbstractBaseEntity.h">
      <Filter>Header Files</Filter>
    </ClInclude>
    <ClInclude Include="Base\AbstractIterableContainer.h">
      <Filter>Header Files</Filter>
    </ClInclude>
    <ClInclude Include="Base\AbstractSeqIterableContainer.h">
      <Filter>Header Files</Filter>
    </ClInclude>
    <ClInclude Include="Base\Assert.h">
      <Filter>Header Files</Filter>
    </ClInclude>
    <ClInclude Include="Algorithms\Abs.h">
      <Filter>Header Files</Filter>
    </ClInclude>
    <ClInclude Include="Algorithms\Dict_compare.h">
      <Filter>Header Files</Filter>
    </ClInclude>
    <ClInclude Include="Algorithms\Factorial.h">
      <Filter>Header Files</Filter>
    </ClInclude>
    <ClInclude Include="Algorithms\Fib.h">
      <Filter>Header Files</Filter>
    </ClInclude>
    <ClInclude Include="Algorithms\Gcd.h">
      <Filter>Header Files</Filter>
    </ClInclude>
    <ClInclude Include="Algorithms\Hash.h">
      <Filter>Header Files</Filter>
    </ClInclude>
    <ClInclude Include="Algorithms\Is_prime.h">
      <Filter>Header Files</Filter>
    </ClInclude>
    <ClInclude Include="Algorithms\Is_sorted.h">
      <Filter>Header Files</Filter>
    </ClInclude>
    <ClInclude Include="Algorithms\Match.h">
      <Filter>Header Files</Filter>
    </ClInclude>
    <ClInclude Include="Algorithms\Max.h">
      <Filter>Header Files</Filter>
    </ClInclude>
    <ClInclude Include="Algorithms\Max_element.h">
      <Filter>Header Files</Filter>
    </ClInclude>
    <ClInclude Include="Algorithms\Median.h">
      <Filter>Header Files</Filter>
    </ClInclude>
    <ClInclude Include="Algorithms\Min.h">
      <Filter>Header Files</Filter>
    </ClInclude>
    <ClInclude Include="Algorithms\Min_element.h">
      <Filter>Header Files</Filter>
    </ClInclude>
    <ClInclude Include="Algorithms\Permutate.h">
      <Filter>Header Files</Filter>
    </ClInclude>
    <ClInclude Include="Algorithms\Pow.h">
      <Filter>Header Files</Filter>
    </ClInclude>
    <ClInclude Include="Algorithms\Remove.h">
      <Filter>Header Files</Filter>
    </ClInclude>
    <ClInclude Include="Algorithms\Reverse.h">
      <Filter>Header Files</Filter>
    </ClInclude>
    <ClInclude Include="Algorithms\Search.h">
      <Filter>Header Files</Filter>
    </ClInclude>
    <ClInclude Include="Algorithms\Shuffle.h">
      <Filter>Header Files</Filter>
    </ClInclude>
    <ClInclude Include="Algorithms\Sort.h">
      <Filter>Header Files</Filter>
    </ClInclude>
    <ClInclude Include="Algorithms\Stable_sort.h">
      <Filter>Header Files</Filter>
    </ClInclude>
    <ClInclude Include="Algorithms\Swap.h">
      <Filter>Header Files</Filter>
    </ClInclude>
    <ClInclude Include="Algorithms\TopK.h">
      <Filter>Header Files</Filter>
    </ClInclude>
    <ClInclude Include="Algorithms\Match\Brute_force_match.h">
      <Filter>Header Files</Filter>
    </ClInclude>
    <ClInclude Include="Algorithms\Match\KMP_match.h">
      <Filter>Header Files</Filter>
    </ClInclude>
    <ClInclude Include="Algorithms\Match\Paren_match.h">
      <Filter>Header Files</Filter>
    </ClInclude>
    <ClInclude Include="Algorithms\Search_methods\Binary_search.h">
      <Filter>Header Files</Filter>
    </ClInclude>
    <ClInclude Include="Algorithms\Search_methods\Fib_search.h">
      <Filter>Header Files</Filter>
    </ClInclude>
    <ClInclude Include="Algorithms\Search_methods\Seq_search.h">
      <Filter>Header Files</Filter>
    </ClInclude>
    <ClInclude Include="Algorithms\Sort_methods\Bubble_sort.h">
      <Filter>Header Files</Filter>
    </ClInclude>
    <ClInclude Include="Algorithms\Sort_methods\Heap_sort.h">
      <Filter>Header Files</Filter>
    </ClInclude>
    <ClInclude Include="Algorithms\Sort_methods\Insertion_sort.h">
      <Filter>Header Files</Filter>
    </ClInclude>
    <ClInclude Include="Algorithms\Sort_methods\Merge_sort.h">
      <Filter>Header Files</Filter>
    </ClInclude>
    <ClInclude Include="Algorithms\Sort_methods\Quick_sort.h">
      <Filter>Header Files</Filter>
    </ClInclude>
    <ClInclude Include="Algorithms\Sort_methods\Select_sort.h">
      <Filter>Header Files</Filter>
    </ClInclude>
    <ClInclude Include="Algorithms\Sort_methods\Shell_sort.h">
      <Filter>Header Files</Filter>
    </ClInclude>
    <ClInclude Include="Allocator\Allocator.h">
      <Filter>Header Files</Filter>
    </ClInclude>
    <ClInclude Include="BinaryIndexTree\BinaryIndexTree.h">
      <Filter>Header Files</Filter>
    </ClInclude>
    <ClInclude Include="BinaryIndexTree\BinaryIndexTree_implementation.h">
      <Filter>Header Files</Filter>
    </ClInclude>
    <ClInclude Include="Bitmap\Bitmap.h">
      <Filter>Header Files</Filter>
    </ClInclude>
    <ClInclude Include="CZString\CZString.h">
      <Filter>Header Files</Filter>
    </ClInclude>
    <ClInclude Include="Deque\Deque.h">
      <Filter>Header Files</Filter>
    </ClInclude>
    <ClInclude Include="Deque\Deque_implementation.h">
      <Filter>Header Files</Filter>
    </ClInclude>
    <ClInclude Include="Deque\DequeIterator.h">
      <Filter>Header Files</Filter>
    </ClInclude>
    <ClInclude Include="Expression\Expression.h">
      <Filter>Header Files</Filter>
    </ClInclude>
    <ClInclude Include="Graph\Edge.h">
      <Filter>Header Files</Filter>
    </ClInclude>
    <ClInclude Include="Graph\Graph.h">
      <Filter>Header Files</Filter>
    </ClInclude>
    <ClInclude Include="Graph\Graph_algorithms.h">
      <Filter>Header Files</Filter>
    </ClInclude>
    <ClInclude Include="Graph\Graph_bfs.h">
      <Filter>Header Files</Filter>
    </ClInclude>
    <ClInclude Include="Graph\Graph_connected_set_num.h">
      <Filter>Header Files</Filter>
    </ClInclude>
    <ClInclude Include="Graph\Graph_dfs.h">
      <Filter>Header Files</Filter>
    </ClInclude>
    <ClInclude Include="Graph\Graph_Eulerian.h">
      <Filter>Header Files</Filter>
    </ClInclude>
    <ClInclude Include="Graph\Graph_implementation.h">
      <Filter>Header Files</Filter>
    </ClInclude>
    <ClInclude Include="Graph\Graph_interfaces.h">
      <Filter>Header Files</Filter>
    </ClInclude>
    <ClInclude Include="Graph\Graph_min_dist.h">
      <Filter>Header Files</Filter>
    </ClInclude>
    <ClInclude Include="Graph\Graph_minimum_spanning_tree.h">
      <Filter>Header Files</Filter>
    </ClInclude>
    <ClInclude Include="Graph\Graph_modifications.h">
      <Filter>Header Files</Filter>
    </ClInclude>
    <ClInclude Include="Graph\Graph_print_info.h">
      <Filter>Header Files</Filter>
    </ClInclude>
    <ClInclude Include="Graph\Graph_structors.h">
      <Filter>Header Files</Filter>
    </ClInclude>
    <ClInclude Include="Graph\Graph_top_sort.h">
      <Filter>Header Files</Filter>
    </ClInclude>
    <ClInclude Include="Heap\Heap.h">
      <Filter>Header Files</Filter>
    </ClInclude>
    <ClInclude Include="Heap\Heap_implementation.h">
      <Filter>Header Files</Filter>
    </ClInclude>
    <ClInclude Include="Heap\LeftHeap.h">
      <Filter>Header Files</Filter>
    </ClInclude>
    <ClInclude Include="Heap\LeftHeap_implementation.h">
      <Filter>Header Files</Filter>
    </ClInclude>
    <ClInclude Include="Iterator\BiIterator.h">
      <Filter>Header Files</Filter>
    </ClInclude>
    <ClInclude Include="Iterator\Iterator_traits.h">
      <Filter>Header Files</Filter>
    </ClInclude>
    <ClInclude Include="Iterator\RandomIterator.h">
      <Filter>Header Files</Filter>
    </ClInclude>
    <ClInclude Include="Iterator\SeqIterator.h">
      <Filter>Header Files</Filter>
    </ClInclude>
    <ClInclude Include="List\List.h">
      <Filter>Header Files</Filter>
    </ClInclude>
    <ClInclude Include="List\List_algorithms.h">
      <Filter>Header Files</Filter>
    </ClInclude>
    <ClInclude Include="List\List_constructors.h">
      <Filter>Header Files</Filter>
    </ClInclude>
    <ClInclude Include="List\List_copy_constructor.h">
      <Filter>Header Files</Filter>
    </ClInclude>
    <ClInclude Include="List\List_destructor.h">
      <Filter>Header Files</Filter>
    </ClInclude>
    <ClInclude Include="List\List_implementation.h">
      <Filter>Header Files</Filter>
    </ClInclude>
    <ClInclude Include="List\List_init.h">
      <Filter>Header Files</Filter>
    </ClInclude>
    <ClInclude Include="List\List_init_from.h">
      <Filter>Header Files</Filter>
    </ClInclude>
    <ClInclude Include="List\List_interfaces.h">
      <Filter>Header Files</Filter>
    </ClInclude>
    <ClInclude Include="List\List_modifications.h">
      <Filter>Header Files</Filter>
    </ClInclude>
    <ClInclude Include="List\List_move_constructor.h">
      <Filter>Header Files</Filter>
    </ClInclude>
    <ClInclude Include="List\List_operations.h">
      <Filter>Header Files</Filter>
    </ClInclude>
    <ClInclude Include="List\List_print_info.h">
      <Filter>Header Files</Filter>
    </ClInclude>
    <ClInclude Include="List\ListIterator.h">
      <Filter>Header Files</Filter>
    </ClInclude>
    <ClInclude Include="List\ListNode.h">
      <Filter>Header Files</Filter>
    </ClInclude>
    <ClInclude Include="List\ListNode_constructors.h">
      <Filter>Header Files</Filter>
    </ClInclude>
    <ClInclude Include="List\ListNode_implementation.h">
      <Filter>Header Files</Filter>
    </ClInclude>
    <ClInclude Include="List\ListNode_interfaces.h">
      <Filter>Header Files</Filter>
    </ClInclude>
    <ClInclude Include="List\ListNode_modifications.h">
      <Filter>Header Files</Filter>
    </ClInclude>
    <ClInclude Include="Map\HashMap.h">
      <Filter>Header Files</Filter>
    </ClInclude>
    <ClInclude Include="Map\HashMap_implementation.h">
      <Filter>Header Files</Filter>
    </ClInclude>
    <ClInclude Include="Map\KVPair.h">
      <Filter>Header Files</Filter>
    </ClInclude>
    <ClInclude Include="Map\TreeMap.h">
      <Filter>Header Files</Filter>
    </ClInclude>
    <ClInclude Include="Map\TreeMap_implementation.h">
      <Filter>Header Files</Filter>
    </ClInclude>
    <ClInclude Include="PrimeTable\PrimeTable.h">
      <Filter>Header Files</Filter>
    </ClInclude>
    <ClInclude Include="Python\Python_interfaces.h">
      <Filter>Header Files</Filter>
    </ClInclude>
    <ClInclude Include="Queue\Queue.h">
      <Filter>Header Files</Filter>
    </ClInclude>
    <ClInclude Include="Queue\Queue_implementation.h">
      <Filter>Header Files</Filter>
    </ClInclude>
    <ClInclude Include="Set\FlatHashSet.h">
      <Filter>Header Files</Filter>
    </ClInclude>
    <ClInclude Include="Set\FlatHashSet_implementation.h">
      <Filter>Header Files</Filter>
    </ClInclude>
    <ClInclude Include="Set\FlatHashSetIterator.h">
      <Filter>Header Files</Filter>
    </ClInclude>
    <ClInclude Include="Set\HashSet.h">
      <Filter>Header Files</Filter>
    </ClInclude>
    <ClInclude Include="Set\HashSet_implementation.h">
      <Filter>Header Files</Filter>
    </ClInclude>
    <ClInclude Include="Set\HashSetIterator.h">
      <Filter>Header Files</Filter>
    </ClInclude>
    <ClInclude Include="Set\TreeSet.h">
      <Filter>Header Files</Filter>
    </ClInclude>
    <ClInclude Include="Set\TreeSet_implementation.h">
      <Filter>Header Files</Filter>
    </ClInclude>
    <ClInclude Include="Set\TreeSet_operations.h">
      <Filter>Header Files</Filter>
    </ClInclude>
    <ClInclude Include="Set\TreeSetIterator.h">
      <Filter>Header Files</Filter>
    </ClInclude>
    <ClInclude Include="Smart_pointer\Shared_ptr.h">
      <Filter>Header Files</Filter>
    </ClInclude>
    <ClInclude Include="Smart_pointer\Weak_ptr.h">
      <Filter>Header Files</Filter>
    </ClInclude>
    <ClInclude Include="Stack\Stack.h">
      <Filter>Header Files</Filter>
    </ClInclude>
    <ClInclude Include="Stack\Stack_implementation.h">
      <Filter>Header Files</Filter>
    </ClInclude>
    <ClInclude Include="Tester\ContainerTester.h">
      <Filter>Header Files</Filter>
    </ClInclude>
    <ClInclude Include="Tester\ContainerTester_implementation.h">
      <Filter>Header Files</Filter>
    </ClInclude>
    <ClInclude Include="Tree\Tree.h">
      <Filter>Header Files</Filter>
    </ClInclude>
    <ClInclude Include="Tree\Tree_implementation.h">
      <Filter>Header Files</Filter>
    </ClInclude>
    <ClInclude Include="Tree\Tree_traversal.h">
      <Filter>Header Files</Filter>
    </ClInclude>
    <ClInclude Include="Tree\TreeNode.h">
      <Filter>Header Files</Filter>
    </ClInclude>
    <ClInclude Include="Tree\TreeNode_implementation.h">
      <Filter>Header Files</Filter>
    </ClInclude>
    <ClInclude Include="Tree\BinTree\AVLTree.h">
      <Filter>Header Files</Filter>
    </ClInclude>
    <ClInclude Include="Tree\BinTree\AVLTree_implementation.h">
      <Filter>Header Files</Filter>
    </ClInclude>
    <ClInclude Include="Tree\BinTree\AVLTreeNode.h">
      <Filter>Header Files</Filter>
    </ClInclude>
    <ClInclude Include="Tree\BinTree\BinTree.h">
      <Filter>Header Files</Filter>
    </ClInclude>
    <ClInclude Include="Tree\BinTree\BinTree_constructors.h">
      <Filter>Header Files</Filter>
    </ClInclude>
    <ClInclude Include="Tree\BinTree\BinTree_implementation.h">
      <Filter>Header Files</Filter>
    </ClInclude>
    <ClInclude Include="Tree\BinTree\BinTree_interfaces.h">
      <Filter>Header Files</Filter>
    </ClInclude>
    <ClInclude Include="Tree\BinTree\BinTree_modifications.h">
      <Filter>Header Files</Filter>
    </ClInclude>
    <ClInclude Include="Tree\BinTree\BinTree_print_info.h">
      <Filter>Header Files</Filter>
    </ClInclude>
    <ClInclude Include="Tree\BinTree\BinTree_reconstruct.h">
      <Filter>Header Files</Filter>
    </ClInclude>
    <ClInclude Include="Tree\BinTree\BinTree_rotation.h">
      <Filter>Header Files</Filter>
    </ClInclude>
    <ClInclude Include="Tree\BinTree\BinTree_traversal.h">
      <Filter>Header Files</Filter>
    </ClInclude>
    <ClInclude Include="Tree\BinTree\BinTreeNode.h">
      <Filter>Header Files</Filter>
    </ClInclude>
    <ClInclude Include="Tree\BinTree\BinTreeNode_constructors.h">
      <Filter>Header Files</Filter>
    </ClInclude>
    <ClInclude Include="Tree\BinTree\BinTreeNode_implementation.h">
      <Filter>Header Files</Filter>
    </ClInclude>
    <ClInclude Include="Tree\BinTree\BinTreeNode_interfaces.h">
      <Filter>Header Files</Filter>
    </ClInclude>
    <ClInclude Include="Tree\BinTree\BinTreeNode_modifications.h">
      <Filter>Header Files</Filter>
    </ClInclude>
    <ClInclude Include="Tree\BinTree\BinTreeNode_zigzag.h">
      <Filter>Header Files</Filter>
    </ClInclude>
    <ClInclude Include="Tree\BinTree\BST.h">
      <Filter>Header Files</Filter>
    </ClInclude>
    <ClInclude Include="Tree\BinTree\BST_implementation.h">
      <Filter>Header Files</Filter>
    </ClInclude>
    <ClInclude Include="Tree\BinTree\BSTNode.h">
      <Filter>Header Files</Filter>
    </ClInclude>
    <ClInclude Include="Tree\BinTree\BSTNode_implementation.h">
      <Filter>Header Files</Filter>
    </ClInclude>
    <ClInclude Include="Tree\BinTree\RedBlackTree.h">
      <Filter>Header Files</Filter>
    </ClInclude>
    <ClInclude Include="Tree\BinTree\RedBlackTree_adjustment.h">
      <Filter>Header Files</Filter>
    </ClInclude>
    <ClInclude Include="Tree\BinTree\RedBlackTree_constructors.h">
      <Filter>Header Files</Filter>
    </ClInclude>
    <ClInclude Include="Tree\BinTree\RedBlackTree_implementation.h">
      <Filter>Header Files</Filter>
    </ClInclude>
    <ClInclude Include="Tree\BinTree\RedBlackTree_interfaces.h">
      <Filter>Header Files</Filter>
    </ClInclude>
    <ClInclude Include="Tree\BinTree\RedBlackTree_modifications.h">
      <Filter>Header Files</Filter>
    </ClInclude>
    <ClInclude Include="Tree\BinTree\RedBlackTree_print_info.h">
      <Filter>Header Files</Filter>
    </ClInclude>
    <ClInclude Include="Tree\BinTree\RedBlackTreeNode.h">
      <Filter>Header Files</Filter>
    </ClInclude>
    <ClInclude Include="Tree\BinTree\SegmemtTree.h">
      <Filter>Header Files</Filter>
    </ClInclude>
    <ClInclude Include="Tree\BinTree\SegmentTree_implementation.h">
      <Filter>Header Files</Filter>
    </ClInclude>
    <ClInclude Include="Tree\BinTree\SplayTree.h">
      <Filter>Header Files</Filter>
    </ClInclude>
    <ClInclude Include="Tree\BinTree\SplayTree_implementation.h">
      <Filter>Header Files</Filter>
    </ClInclude>
    <ClInclude Include="Tree\BinTree\SplayTreeNode.h">
      <Filter>Header Files</Filter>
    </ClInclude>
    <ClInclude Include="Tree\BPlusTree\BPlusTree.h">
      <Filter>Header Files</Filter>
    </ClInclude>
    <ClInclude Include="Tree\BPlusTree\BPlusTree_constructors.h">
      <Filter>Header Files</Filter>
    </ClInclude>
    <ClInclude Include="Tree\BPlusTree\BPlusTree_destructor.h">
      <Filter>Header Files</Filter>
    </ClInclude>
    <ClInclude Include="Tree\BPlusTree\BPlusTree_implementation.h">
      <Filter>Header Files</Filter>
    </ClInclude>
    <ClInclude Include="Tree\BPlusTree\BPlusTree_interfaces.h">
      <Filter>Header Files</Filter>
    </ClInclude>
    <ClInclude Include="Tree\BPlusTree\BPlusTree_modifications.h">
      <Filter>Header Files</Filter>
    </ClInclude>
    <ClInclude Include="Tree\BPlusTree\BPlusTree_print_info.h">
      <Filter>Header Files</Filter>
    </ClInclude>
    <ClInclude Include="Tree\BPlusTree\BPlusTreeNode.h">
      <Filter>Header Files</Filter>
    </ClInclude>
    <ClInclude Include="Tree\BTree\BTree.h">
      <Filter>Header Files</Filter>
    </ClInclude>
    <ClInclude Include="Tree\BTree\BTree_constructors.h">
      <Filter>Header Files</Filter>
    </ClInclude>
    <ClInclude Include="Tree\BTree\BTree_destructor.h">
      <Filter>Header Files</Filter>
    </ClInclude>
    <ClInclude Include="Tree\BTree\BTree_implementation.h">
      <Filter>Header Files</Filter>
    </ClInclude>
    <ClInclude Include="Tree\BTree\BTree_interfaces.h">
      <Filter>Header Files</Filter>
    </ClInclude>
    <ClInclude Include="Tree\BTree\BTree_modifications.h">
      <Filter>Header Files</Filter>
    </ClInclude>
    <ClInclude Include="Tree\BTree\BTree_print_info.h">
      <Filter>Header Files</Filter>
    </ClInclude>
    <ClInclude Include="Tree\BTree\BTreeNode.h">
      <Filter>Header Files</Filter>
    </ClInclude>
    <ClInclude Include="UnionFindSet\UnionFindSet.h">
      <Filter>Header Files</Filter>
    </ClInclude>
    <ClInclude Include="UnionFindSet\UnionFindSet_implementation.h">
      <Filter>Header Files</Filter>
    </ClInclude>
    <ClInclude Include="Vector\Vector.h">
      <Filter>Header Files</Filter>
    </ClInclude>
    <ClInclude Include="Vector\Vector_constructors.h">
      <Filter>Header Files</Filter>
    </ClInclude>
    <ClInclude Include="Vector\Vector_copy_constructor.h">
      <Filter>Header Files</Filter>
    </ClInclude>
    <ClInclude Include="Vector\Vector_destructor.h">
      <Filter>Header Files</Filter>
    </ClInclude>
    <ClInclude Include="Vector\Vector_expand.h">
      <Filter>Header Files</Filter>
    </ClInclude>
    <ClInclude Include="Vector\Vector_implementation.h">
      <Filter>Header Files</Filter>
    </ClInclude>
    <ClInclude Include="Vector\Vector_init_from.h">
      <Filter>Header Files</Filter>
    </ClInclude>
    <ClInclude Include="Vector\Vector_interfaces.h">
      <Filter>Header Files</Filter>
    </ClInclude>
    <ClInclude Include="Vector\Vector_modifications.h">
      <Filter>Header Files</Filter>
    </ClInclude>
    <ClInclude Include="Vector\Vector_move_constructor.h">
      <Filter>Header Files</Filter>
    </ClInclude>
    <ClInclude Include="Vector\Vector_operations.h">
      <Filter>Header Files</Filter>
    </ClInclude>
    <ClInclude Include="Vector\Vector_print_info.h">
      <Filter>Header Files</Filter>
    </ClInclude>
    <ClInclude Include="Vector\Vector_shrink.h">
      <Filter>Header Files</Filter>
    </ClInclude>
    <ClInclude Include="Base\BaseDef.h">
      <Filter>Header Files</Filter>
    </ClInclude>
    <ClInclude Include="Lua\Lua_interfaces.h">
      <Filter>Header Files</Filter>
    </ClInclude>
  </ItemGroup>
  <ItemGroup>
    <ClCompile Include="Algorithms\Hash.cpp">
      <Filter>Source Files</Filter>
    </ClCompile>
    <ClCompile Include="Algorithms\Is_prime.cpp">
      <Filter>Source Files</Filter>
    </ClCompile>
    <ClCompile Include="Algorithms\Swap.cpp">
      <Filter>Source Files</Filter>
    </ClCompile>
    <ClCompile Include="Allocator\Allocator.cpp">
      <Filter>Source Files</Filter>
    </ClCompile>
    <ClCompile Include="Base\AbstractBaseEntity.cpp">
      <Filter>Source Files</Filter>
    </ClCompile>
    <ClCompile Include="Base\Assert.cpp">
      <Filter>Source Files</Filter>
    </ClCompile>
    <ClCompile Include="Bitmap\Bitmap.cpp">
      <Filter>Source Files</Filter>
    </ClCompile>
    <ClCompile Include="CZString\CZString.cpp">
      <Filter>Source Files</Filter>
    </ClCompile>
    <ClCompile Include="Expression\Expression.cpp">
      <Filter>Source Files</Filter>
    </ClCompile>
    <ClCompile Include="PrimeTable\PrimeTable.cpp">
      <Filter>Source Files</Filter>
    </ClCompile>
    <ClCompile Include="Python\Python_interfaces.cpp">
      <Filter>Source Files</Filter>
    </ClCompile>
    <ClCompile Include="Base\WinTime.cpp">
      <Filter>Source Files</Filter>
    </ClCompile>
    <ClCompile Include="Algorithms\Sort_methods\Shell_sort.cpp">
      <Filter>Source Files</Filter>
    </ClCompile>
    <ClCompile Include="Algorithms\Factorial.cpp">
      <Filter>Source Files</Filter>
    </ClCompile>
    <ClCompile Include="Algorithms\Fib.cpp">
      <Filter>Source Files</Filter>
    </ClCompile>
    <ClCompile Include="Algorithms\Gcd.cpp">
      <Filter>Source Files</Filter>
    </ClCompile>
    <ClCompile Include="Algorithms\Pow.cpp">
      <Filter>Source Files</Filter>
    </ClCompile>
    <ClCompile Include="Lua\Lua_interfaces.cpp">
      <Filter>Source Files</Filter>
    </ClCompile>
  </ItemGroup>
</Project>